
Microsoft Visual Studio Solution File, Format Version 12.00
# Visual Studio Version 16
VisualStudioVersion = 16.0.30204.135
MinimumVisualStudioVersion = 10.0.40219.1
Project("{FAE04EC0-301F-11D3-BF4B-00C04F79EFBC}") = "TheLast", "TheLast\TheLast.csproj", "{02CCDD94-B618-40FF-BFDC-BEF3E9C7D764}"
EndProject
Global
	GlobalSection(SolutionConfigurationPlatforms) = preSolution
		Debug|Any CPU = Debug|Any CPU
		Release|Any CPU = Release|Any CPU
	EndGlobalSection
	GlobalSection(ProjectConfigurationPlatforms) = postSolution
		{02CCDD94-B618-40FF-BFDC-BEF3E9C7D764}.Debug|Any CPU.ActiveCfg = Debug|Any CPU
		{02CCDD94-B618-40FF-BFDC-BEF3E9C7D764}.Debug|Any CPU.Build.0 = Debug|Any CPU
		{02CCDD94-B618-40FF-BFDC-BEF3E9C7D764}.Release|Any CPU.ActiveCfg = Release|Any CPU
		{02CCDD94-B618-40FF-BFDC-BEF3E9C7D764}.Release|Any CPU.Build.0 = Release|Any CPU
	EndGlobalSection
	GlobalSection(SolutionProperties) = preSolution
		HideSolutionNode = FALSE
	EndGlobalSection
	GlobalSection(ExtensibilityGlobals) = postSolution
		SolutionGuid = {5CC1F7CC-E32F-4E0C-810C-6F518F335B06}
	EndGlobalSection
EndGlobal
